
Microsoft Visual Studio Solution File, Format Version 12.00
# Visual Studio Version 17
VisualStudioVersion = 17.14.36301.6 d17.14
MinimumVisualStudioVersion = 10.0.40219.1
Project("{8BC9CEB8-8B4A-11D0-8D11-00A0C91BC942}") = "First_Program", "First_Program\First_Program.vcxproj", "{A6728E48-0A4C-4E6F-B297-B2EEB05BE3D1}"
EndProject
Global
	GlobalSection(SolutionConfigurationPlatforms) = preSolution
		Debug|x64 = Debug|x64
		Debug|x86 = Debug|x86
		Release|x64 = Release|x64
		Release|x86 = Release|x86
	EndGlobalSection
	GlobalSection(ProjectConfigurationPlatforms) = postSolution
		{A6728E48-0A4C-4E6F-B297-B2EEB05BE3D1}.Debug|x64.ActiveCfg = Debug|x64
		{A6728E48-0A4C-4E6F-B297-B2EEB05BE3D1}.Debug|x64.Build.0 = Debug|x64
		{A6728E48-0A4C-4E6F-B297-B2EEB05BE3D1}.Debug|x86.ActiveCfg = Debug|Win32
		{A6728E48-0A4C-4E6F-B297-B2EEB05BE3D1}.Debug|x86.Build.0 = Debug|Win32
		{A6728E48-0A4C-4E6F-B297-B2EEB05BE3D1}.Release|x64.ActiveCfg = Release|x64
		{A6728E48-0A4C-4E6F-B297-B2EEB05BE3D1}.Release|x64.Build.0 = Release|x64
		{A6728E48-0A4C-4E6F-B297-B2EEB05BE3D1}.Release|x86.ActiveCfg = Release|Win32
		{A6728E48-0A4C-4E6F-B297-B2EEB05BE3D1}.Release|x86.Build.0 = Release|Win32
	EndGlobalSection
	GlobalSection(SolutionProperties) = preSolution
		HideSolutionNode = FALSE
	EndGlobalSection
	GlobalSection(ExtensibilityGlobals) = postSolution
		SolutionGuid = {11F7BC91-6A00-41AF-B3C1-8A869643E407}
	EndGlobalSection
EndGlobal
